
Microsoft Visual Studio Solution File, Format Version 12.00
# Visual Studio Version 17
VisualStudioVersion = 17.11.35208.52
MinimumVisualStudioVersion = 10.0.40219.1
Project("{8BC9CEB8-8B4A-11D0-8D11-00A0C91BC942}") = "Lab_11.1 C++", "Lab_11.1 C++\Lab_11.1 C++.vcxproj", "{A04304F2-B484-47B2-8FB3-6DEF2FD531B2}"
EndProject
Project("{8BC9CEB8-8B4A-11D0-8D11-00A0C91BC942}") = "UnitTest", "UnitTest\UnitTest.vcxproj", "{79EBE837-818F-416D-BA25-3D8D3A8C7F87}"
EndProject
Global
	GlobalSection(SolutionConfigurationPlatforms) = preSolution
		Debug|x64 = Debug|x64
		Debug|x86 = Debug|x86
		Release|x64 = Release|x64
		Release|x86 = Release|x86
	EndGlobalSection
	GlobalSection(ProjectConfigurationPlatforms) = postSolution
		{A04304F2-B484-47B2-8FB3-6DEF2FD531B2}.Debug|x64.ActiveCfg = Debug|x64
		{A04304F2-B484-47B2-8FB3-6DEF2FD531B2}.Debug|x64.Build.0 = Debug|x64
		{A04304F2-B484-47B2-8FB3-6DEF2FD531B2}.Debug|x86.ActiveCfg = Debug|Win32
		{A04304F2-B484-47B2-8FB3-6DEF2FD531B2}.Debug|x86.Build.0 = Debug|Win32
		{A04304F2-B484-47B2-8FB3-6DEF2FD531B2}.Release|x64.ActiveCfg = Release|x64
		{A04304F2-B484-47B2-8FB3-6DEF2FD531B2}.Release|x64.Build.0 = Release|x64
		{A04304F2-B484-47B2-8FB3-6DEF2FD531B2}.Release|x86.ActiveCfg = Release|Win32
		{A04304F2-B484-47B2-8FB3-6DEF2FD531B2}.Release|x86.Build.0 = Release|Win32
		{79EBE837-818F-416D-BA25-3D8D3A8C7F87}.Debug|x64.ActiveCfg = Debug|x64
		{79EBE837-818F-416D-BA25-3D8D3A8C7F87}.Debug|x64.Build.0 = Debug|x64
		{79EBE837-818F-416D-BA25-3D8D3A8C7F87}.Debug|x86.ActiveCfg = Debug|Win32
		{79EBE837-818F-416D-BA25-3D8D3A8C7F87}.Debug|x86.Build.0 = Debug|Win32
		{79EBE837-818F-416D-BA25-3D8D3A8C7F87}.Release|x64.ActiveCfg = Release|x64
		{79EBE837-818F-416D-BA25-3D8D3A8C7F87}.Release|x64.Build.0 = Release|x64
		{79EBE837-818F-416D-BA25-3D8D3A8C7F87}.Release|x86.ActiveCfg = Release|Win32
		{79EBE837-818F-416D-BA25-3D8D3A8C7F87}.Release|x86.Build.0 = Release|Win32
	EndGlobalSection
	GlobalSection(SolutionProperties) = preSolution
		HideSolutionNode = FALSE
	EndGlobalSection
	GlobalSection(ExtensibilityGlobals) = postSolution
		SolutionGuid = {E493D0D7-620F-45AE-9F07-B90CCE9226CB}
	EndGlobalSection
EndGlobal
